
Microsoft Visual Studio Solution File, Format Version 12.00
# Visual Studio 2012
Project("{FAE04EC0-301F-11D3-BF4B-00C04F79EFBC}") = "Html5Upload", "Html5Upload\Html5Upload.csproj", "{3E839989-7E4C-493C-B821-07F97BB4DFC7}"
EndProject
Global
	GlobalSection(SolutionConfigurationPlatforms) = preSolution
		Debug|Any CPU = Debug|Any CPU
		Release|Any CPU = Release|Any CPU
	EndGlobalSection
	GlobalSection(ProjectConfigurationPlatforms) = postSolution
		{3E839989-7E4C-493C-B821-07F97BB4DFC7}.Debug|Any CPU.ActiveCfg = Debug|Any CPU
		{3E839989-7E4C-493C-B821-07F97BB4DFC7}.Debug|Any CPU.Build.0 = Debug|Any CPU
		{3E839989-7E4C-493C-B821-07F97BB4DFC7}.Release|Any CPU.ActiveCfg = Release|Any CPU
		{3E839989-7E4C-493C-B821-07F97BB4DFC7}.Release|Any CPU.Build.0 = Release|Any CPU
	EndGlobalSection
	GlobalSection(SolutionProperties) = preSolution
		HideSolutionNode = FALSE
	EndGlobalSection
EndGlobal
